{
  "object": {
    "pins": [
      {
        "package": "swift-package-catalog",
        "repositoryURL": "https://github.com/kelvin13/swift-package-catalog",
        "state": {
          "branch": null,
          "revision": "6e71dba093cf72a8a697309401ef5be52d42ddf3",
          "version": "0.4.0"
        }
      }
    ]
  },
  "version": 1
}
